
Microsoft Visual Studio Solution File, Format Version 12.00
# Visual Studio 2013
VisualStudioVersion = 12.0.31101.0
MinimumVisualStudioVersion = 10.0.40219.1
Project("{FAE04EC0-301F-11D3-BF4B-00C04F79EFBC}") = "Xinchen.ApplicationBase", "Xinchen.ApplicationBase\Xinchen.ApplicationBase.csproj", "{7CDE8FC8-5463-42DE-BF70-A6FBD870D7AC}"
EndProject
Project("{FAE04EC0-301F-11D3-BF4B-00C04F79EFBC}") = "Xinchen.DbEntity", "Xinchen.DbEntity\Xinchen.DbEntity.csproj", "{16508241-DCE9-45ED-8088-42304B101039}"
EndProject
Project("{FAE04EC0-301F-11D3-BF4B-00C04F79EFBC}") = "Xinchen.PrivilegeManagement", "Xinchen.PrivilegeManagement\Xinchen.PrivilegeManagement.csproj", "{ED1C6764-E9CB-47FE-8F2A-A1EF7D0646CE}"
EndProject
Project("{FAE04EC0-301F-11D3-BF4B-00C04F79EFBC}") = "Xinchen.Utils", "Xinchen.Utils\Xinchen.Utils.csproj", "{6BE86E93-58B7-463A-A4D9-7F7DA8A0089A}"
EndProject
Project("{FAE04EC0-301F-11D3-BF4B-00C04F79EFBC}") = "UnitTestProject1", "UnitTestProject1\UnitTestProject1.csproj", "{1908FE8D-FA8C-4A68-917F-B95A2C14F258}"
EndProject
Project("{2150E333-8FDC-42A3-9474-1A3956D46DE8}") = "Privilege", "Privilege", "{F3448D38-FA5E-4119-89E4-3638C10331B0}"
EndProject
Project("{FAE04EC0-301F-11D3-BF4B-00C04F79EFBC}") = "Xinchen.PrivilegeManagement.DefaultProvider", "Xinchen.PrivilegeManagement.DefaultProvider\Xinchen.PrivilegeManagement.DefaultProvider.csproj", "{0B18A623-84D3-4E1C-9ED4-36AD652D1662}"
EndProject
Project("{2150E333-8FDC-42A3-9474-1A3956D46DE8}") = "DbEntity", "DbEntity", "{7ACC89C7-598F-449F-9FE5-5B5C5C4D4D6F}"
EndProject
Project("{FAE04EC0-301F-11D3-BF4B-00C04F79EFBC}") = "Xinchen.DbEntity.Utils", "Xinchen.DbEntity.Utils\Xinchen.DbEntity.Utils.csproj", "{F96C55F6-7FE3-449E-A3A4-08615298CE62}"
EndProject
Project("{FAE04EC0-301F-11D3-BF4B-00C04F79EFBC}") = "Xinchen.Controls", "Xinchen.Controls\Xinchen.Controls.csproj", "{634AA874-DE19-4F87-8A52-4DC37A0D3605}"
EndProject
Project("{2150E333-8FDC-42A3-9474-1A3956D46DE8}") = "ApplicationBase", "ApplicationBase", "{A1EABB62-30E0-41FF-B6F9-00FB67BB9053}"
EndProject
Project("{FAE04EC0-301F-11D3-BF4B-00C04F79EFBC}") = "Xinchen.ModelBase", "Xinchen.ModelBase\Xinchen.ModelBase.csproj", "{2B099394-E6D2-4E93-9BAD-7F0D2D015CA9}"
EndProject
Project("{2150E333-8FDC-42A3-9474-1A3956D46DE8}") = "Utils", "Utils", "{9BB73CCF-53CA-4864-9347-446BC24B8715}"
EndProject
Project("{FAE04EC0-301F-11D3-BF4B-00C04F79EFBC}") = "Xinchen.Excel", "Xinchen.Excel\Xinchen.Excel.csproj", "{674D65AA-F1F0-4076-9413-E0F32C1DBDAC}"
EndProject
Project("{FAE04EC0-301F-11D3-BF4B-00C04F79EFBC}") = "Xinchen.DbUtils", "Xinchen.DbUtils\Xinchen.DbUtils.csproj", "{12C3BE5A-0CA9-4429-A14D-E86404F0457B}"
EndProject
Project("{FAE04EC0-301F-11D3-BF4B-00C04F79EFBC}") = "Xinchen.ExtNetBase", "Xinchen.ExtNetBase\Xinchen.ExtNetBase.csproj", "{9048CDE0-F99D-459F-90D6-E5C56861C719}"
EndProject
Project("{2150E333-8FDC-42A3-9474-1A3956D46DE8}") = "ScheduledTask", "ScheduledTask", "{E91926C9-CD25-4860-9DBF-1519FDDE0D92}"
EndProject
Project("{FAE04EC0-301F-11D3-BF4B-00C04F79EFBC}") = "Xinchen.ScheduledTask.Winform", "Xinchen.ScheduledTask.Winform\Xinchen.ScheduledTask.Winform.csproj", "{69C46E2E-9C57-4DFE-BD06-0B41D74AC997}"
EndProject
Project("{FAE04EC0-301F-11D3-BF4B-00C04F79EFBC}") = "Xinchen.ObjectMapper", "Xinchen.ObjectMapper\Xinchen.ObjectMapper.csproj", "{C892EE99-6935-4A23-B086-2E542CE7E7D0}"
EndProject
Project("{FAE04EC0-301F-11D3-BF4B-00C04F79EFBC}") = "Xinchen.DynamicObject", "Xinchen.DynamicObject\Xinchen.DynamicObject.csproj", "{F321B0EB-9C51-428E-97F4-5F8A702DDCC5}"
EndProject
Project("{FAE04EC0-301F-11D3-BF4B-00C04F79EFBC}") = "Xinchen.XLinq", "Xinchen.XLinq\Xinchen.XLinq.csproj", "{D3B89B15-0A03-4C61-B722-8AC59F0D13EB}"
EndProject
Global
	GlobalSection(SolutionConfigurationPlatforms) = preSolution
		Debug|Any CPU = Debug|Any CPU
		Release|Any CPU = Release|Any CPU
	EndGlobalSection
	GlobalSection(ProjectConfigurationPlatforms) = postSolution
		{7CDE8FC8-5463-42DE-BF70-A6FBD870D7AC}.Debug|Any CPU.ActiveCfg = Debug|Any CPU
		{7CDE8FC8-5463-42DE-BF70-A6FBD870D7AC}.Debug|Any CPU.Build.0 = Debug|Any CPU
		{7CDE8FC8-5463-42DE-BF70-A6FBD870D7AC}.Release|Any CPU.ActiveCfg = Release|Any CPU
		{7CDE8FC8-5463-42DE-BF70-A6FBD870D7AC}.Release|Any CPU.Build.0 = Release|Any CPU
		{16508241-DCE9-45ED-8088-42304B101039}.Debug|Any CPU.ActiveCfg = Debug|Any CPU
		{16508241-DCE9-45ED-8088-42304B101039}.Debug|Any CPU.Build.0 = Debug|Any CPU
		{16508241-DCE9-45ED-8088-42304B101039}.Release|Any CPU.ActiveCfg = Release|Any CPU
		{16508241-DCE9-45ED-8088-42304B101039}.Release|Any CPU.Build.0 = Release|Any CPU
		{ED1C6764-E9CB-47FE-8F2A-A1EF7D0646CE}.Debug|Any CPU.ActiveCfg = Debug|Any CPU
		{ED1C6764-E9CB-47FE-8F2A-A1EF7D0646CE}.Debug|Any CPU.Build.0 = Debug|Any CPU
		{ED1C6764-E9CB-47FE-8F2A-A1EF7D0646CE}.Release|Any CPU.ActiveCfg = Release|Any CPU
		{ED1C6764-E9CB-47FE-8F2A-A1EF7D0646CE}.Release|Any CPU.Build.0 = Release|Any CPU
		{6BE86E93-58B7-463A-A4D9-7F7DA8A0089A}.Debug|Any CPU.ActiveCfg = Debug|Any CPU
		{6BE86E93-58B7-463A-A4D9-7F7DA8A0089A}.Debug|Any CPU.Build.0 = Debug|Any CPU
		{6BE86E93-58B7-463A-A4D9-7F7DA8A0089A}.Release|Any CPU.ActiveCfg = Release|Any CPU
		{6BE86E93-58B7-463A-A4D9-7F7DA8A0089A}.Release|Any CPU.Build.0 = Release|Any CPU
		{1908FE8D-FA8C-4A68-917F-B95A2C14F258}.Debug|Any CPU.ActiveCfg = Debug|Any CPU
		{1908FE8D-FA8C-4A68-917F-B95A2C14F258}.Debug|Any CPU.Build.0 = Debug|Any CPU
		{1908FE8D-FA8C-4A68-917F-B95A2C14F258}.Release|Any CPU.ActiveCfg = Release|Any CPU
		{1908FE8D-FA8C-4A68-917F-B95A2C14F258}.Release|Any CPU.Build.0 = Release|Any CPU
		{0B18A623-84D3-4E1C-9ED4-36AD652D1662}.Debug|Any CPU.ActiveCfg = Debug|Any CPU
		{0B18A623-84D3-4E1C-9ED4-36AD652D1662}.Debug|Any CPU.Build.0 = Debug|Any CPU
		{0B18A623-84D3-4E1C-9ED4-36AD652D1662}.Release|Any CPU.ActiveCfg = Release|Any CPU
		{0B18A623-84D3-4E1C-9ED4-36AD652D1662}.Release|Any CPU.Build.0 = Release|Any CPU
		{F96C55F6-7FE3-449E-A3A4-08615298CE62}.Debug|Any CPU.ActiveCfg = Debug|Any CPU
		{F96C55F6-7FE3-449E-A3A4-08615298CE62}.Debug|Any CPU.Build.0 = Debug|Any CPU
		{F96C55F6-7FE3-449E-A3A4-08615298CE62}.Release|Any CPU.ActiveCfg = Release|Any CPU
		{F96C55F6-7FE3-449E-A3A4-08615298CE62}.Release|Any CPU.Build.0 = Release|Any CPU
		{634AA874-DE19-4F87-8A52-4DC37A0D3605}.Debug|Any CPU.ActiveCfg = Debug|Any CPU
		{634AA874-DE19-4F87-8A52-4DC37A0D3605}.Debug|Any CPU.Build.0 = Debug|Any CPU
		{634AA874-DE19-4F87-8A52-4DC37A0D3605}.Release|Any CPU.ActiveCfg = Release|Any CPU
		{634AA874-DE19-4F87-8A52-4DC37A0D3605}.Release|Any CPU.Build.0 = Release|Any CPU
		{2B099394-E6D2-4E93-9BAD-7F0D2D015CA9}.Debug|Any CPU.ActiveCfg = Debug|Any CPU
		{2B099394-E6D2-4E93-9BAD-7F0D2D015CA9}.Debug|Any CPU.Build.0 = Debug|Any CPU
		{2B099394-E6D2-4E93-9BAD-7F0D2D015CA9}.Release|Any CPU.ActiveCfg = Release|Any CPU
		{2B099394-E6D2-4E93-9BAD-7F0D2D015CA9}.Release|Any CPU.Build.0 = Release|Any CPU
		{674D65AA-F1F0-4076-9413-E0F32C1DBDAC}.Debug|Any CPU.ActiveCfg = Debug|Any CPU
		{674D65AA-F1F0-4076-9413-E0F32C1DBDAC}.Debug|Any CPU.Build.0 = Debug|Any CPU
		{674D65AA-F1F0-4076-9413-E0F32C1DBDAC}.Release|Any CPU.ActiveCfg = Release|Any CPU
		{674D65AA-F1F0-4076-9413-E0F32C1DBDAC}.Release|Any CPU.Build.0 = Release|Any CPU
		{12C3BE5A-0CA9-4429-A14D-E86404F0457B}.Debug|Any CPU.ActiveCfg = Debug|Any CPU
		{12C3BE5A-0CA9-4429-A14D-E86404F0457B}.Debug|Any CPU.Build.0 = Debug|Any CPU
		{12C3BE5A-0CA9-4429-A14D-E86404F0457B}.Release|Any CPU.ActiveCfg = Release|Any CPU
		{12C3BE5A-0CA9-4429-A14D-E86404F0457B}.Release|Any CPU.Build.0 = Release|Any CPU
		{9048CDE0-F99D-459F-90D6-E5C56861C719}.Debug|Any CPU.ActiveCfg = Debug|Any CPU
		{9048CDE0-F99D-459F-90D6-E5C56861C719}.Debug|Any CPU.Build.0 = Debug|Any CPU
		{9048CDE0-F99D-459F-90D6-E5C56861C719}.Release|Any CPU.ActiveCfg = Release|Any CPU
		{9048CDE0-F99D-459F-90D6-E5C56861C719}.Release|Any CPU.Build.0 = Release|Any CPU
		{69C46E2E-9C57-4DFE-BD06-0B41D74AC997}.Debug|Any CPU.ActiveCfg = Debug|Any CPU
		{69C46E2E-9C57-4DFE-BD06-0B41D74AC997}.Debug|Any CPU.Build.0 = Debug|Any CPU
		{69C46E2E-9C57-4DFE-BD06-0B41D74AC997}.Release|Any CPU.ActiveCfg = Release|Any CPU
		{69C46E2E-9C57-4DFE-BD06-0B41D74AC997}.Release|Any CPU.Build.0 = Release|Any CPU
		{C892EE99-6935-4A23-B086-2E542CE7E7D0}.Debug|Any CPU.ActiveCfg = Debug|Any CPU
		{C892EE99-6935-4A23-B086-2E542CE7E7D0}.Debug|Any CPU.Build.0 = Debug|Any CPU
		{C892EE99-6935-4A23-B086-2E542CE7E7D0}.Release|Any CPU.ActiveCfg = Release|Any CPU
		{C892EE99-6935-4A23-B086-2E542CE7E7D0}.Release|Any CPU.Build.0 = Release|Any CPU
		{F321B0EB-9C51-428E-97F4-5F8A702DDCC5}.Debug|Any CPU.ActiveCfg = Debug|Any CPU
		{F321B0EB-9C51-428E-97F4-5F8A702DDCC5}.Debug|Any CPU.Build.0 = Debug|Any CPU
		{F321B0EB-9C51-428E-97F4-5F8A702DDCC5}.Release|Any CPU.ActiveCfg = Release|Any CPU
		{F321B0EB-9C51-428E-97F4-5F8A702DDCC5}.Release|Any CPU.Build.0 = Release|Any CPU
		{D3B89B15-0A03-4C61-B722-8AC59F0D13EB}.Debug|Any CPU.ActiveCfg = Debug|Any CPU
		{D3B89B15-0A03-4C61-B722-8AC59F0D13EB}.Debug|Any CPU.Build.0 = Debug|Any CPU
		{D3B89B15-0A03-4C61-B722-8AC59F0D13EB}.Release|Any CPU.ActiveCfg = Release|Any CPU
		{D3B89B15-0A03-4C61-B722-8AC59F0D13EB}.Release|Any CPU.Build.0 = Release|Any CPU
	EndGlobalSection
	GlobalSection(SolutionProperties) = preSolution
		HideSolutionNode = FALSE
	EndGlobalSection
	GlobalSection(NestedProjects) = preSolution
		{7CDE8FC8-5463-42DE-BF70-A6FBD870D7AC} = {A1EABB62-30E0-41FF-B6F9-00FB67BB9053}
		{16508241-DCE9-45ED-8088-42304B101039} = {7ACC89C7-598F-449F-9FE5-5B5C5C4D4D6F}
		{ED1C6764-E9CB-47FE-8F2A-A1EF7D0646CE} = {F3448D38-FA5E-4119-89E4-3638C10331B0}
		{6BE86E93-58B7-463A-A4D9-7F7DA8A0089A} = {9BB73CCF-53CA-4864-9347-446BC24B8715}
		{1908FE8D-FA8C-4A68-917F-B95A2C14F258} = {7ACC89C7-598F-449F-9FE5-5B5C5C4D4D6F}
		{0B18A623-84D3-4E1C-9ED4-36AD652D1662} = {F3448D38-FA5E-4119-89E4-3638C10331B0}
		{F96C55F6-7FE3-449E-A3A4-08615298CE62} = {7ACC89C7-598F-449F-9FE5-5B5C5C4D4D6F}
		{2B099394-E6D2-4E93-9BAD-7F0D2D015CA9} = {A1EABB62-30E0-41FF-B6F9-00FB67BB9053}
		{674D65AA-F1F0-4076-9413-E0F32C1DBDAC} = {9BB73CCF-53CA-4864-9347-446BC24B8715}
		{12C3BE5A-0CA9-4429-A14D-E86404F0457B} = {7ACC89C7-598F-449F-9FE5-5B5C5C4D4D6F}
		{69C46E2E-9C57-4DFE-BD06-0B41D74AC997} = {E91926C9-CD25-4860-9DBF-1519FDDE0D92}
		{C892EE99-6935-4A23-B086-2E542CE7E7D0} = {9BB73CCF-53CA-4864-9347-446BC24B8715}
		{D3B89B15-0A03-4C61-B722-8AC59F0D13EB} = {7ACC89C7-598F-449F-9FE5-5B5C5C4D4D6F}
	EndGlobalSection
	GlobalSection(ExtensibilityGlobals) = postSolution
		VisualSVNWorkingCopyRoot = .
	EndGlobalSection
EndGlobal
